
Microsoft Visual Studio Solution File, Format Version 12.00
# Visual Studio 15
VisualStudioVersion = 15.0.27130.2027
MinimumVisualStudioVersion = 10.0.40219.1
Project("{9A19103F-16F7-4668-BE54-9A1E7A4F7556}") = "HannahsHunt", "HannahsHunt\HannahsHunt.csproj", "{43933F38-61C3-4035-AFB8-360C22A10814}"
EndProject
Project("{2150E333-8FDC-42A3-9474-1A3956D46DE8}") = "Hannahs Hunt 2 Stuff", "Hannahs Hunt 2 Stuff", "{85E91EF5-1EB1-4B16-B7AA-63D47BC4C811}"
EndProject
Global
	GlobalSection(SolutionConfigurationPlatforms) = preSolution
		Debug|Any CPU = Debug|Any CPU
		Release|Any CPU = Release|Any CPU
	EndGlobalSection
	GlobalSection(ProjectConfigurationPlatforms) = postSolution
		{43933F38-61C3-4035-AFB8-360C22A10814}.Debug|Any CPU.ActiveCfg = Debug|Any CPU
		{43933F38-61C3-4035-AFB8-360C22A10814}.Debug|Any CPU.Build.0 = Debug|Any CPU
		{43933F38-61C3-4035-AFB8-360C22A10814}.Release|Any CPU.ActiveCfg = Release|Any CPU
		{43933F38-61C3-4035-AFB8-360C22A10814}.Release|Any CPU.Build.0 = Release|Any CPU
	EndGlobalSection
	GlobalSection(SolutionProperties) = preSolution
		HideSolutionNode = FALSE
	EndGlobalSection
	GlobalSection(ExtensibilityGlobals) = postSolution
		SolutionGuid = {87EB0625-A5EB-4D6F-81F3-20AC2E2F601D}
	EndGlobalSection
EndGlobal
